// !$*UTF8*$!
{
	archiveVersion = 1;
	classes = {
	};
	objectVersion = 56;
	objects = {

/* Begin PBXBuildFile section */
		AC4A21F3291991EE00AE74F7 /* Repository in Frameworks */ = {isa = PBXBuildFile; productRef = AC4A21F2291991EE00AE74F7 /* Repository */; };
		AC4A21F5291996B500AE74F7 /* Domain in Frameworks */ = {isa = PBXBuildFile; productRef = AC4A21F4291996B500AE74F7 /* Domain */; };
		AC5FBF9C29183154008CEFC7 /* URLSession+HTTPDataProvider.swift in Sources */ = {isa = PBXBuildFile; fileRef = AC5FBF9B29183154008CEFC7 /* URLSession+HTTPDataProvider.swift */; };
		AC78CE3E291D92C30089BD21 /* AdItemTableViewCell.swift in Sources */ = {isa = PBXBuildFile; fileRef = AC78CE3D291D92C30089BD21 /* AdItemTableViewCell.swift */; };
		AC97537D291C1AA50018A531 /* ListingAdsViewModel.swift in Sources */ = {isa = PBXBuildFile; fileRef = AC97537C291C1AA50018A531 /* ListingAdsViewModel.swift */; };
		AC97537F291C20A70018A531 /* AdItem.swift in Sources */ = {isa = PBXBuildFile; fileRef = AC97537E291C20A70018A531 /* AdItem.swift */; };
		ACC1398B2917E79900BF80F0 /* RemoteStore in Frameworks */ = {isa = PBXBuildFile; productRef = ACC1398A2917E79900BF80F0 /* RemoteStore */; };
		ACD440B2291CF2E800FBC793 /* Formatters.swift in Sources */ = {isa = PBXBuildFile; fileRef = ACD440B1291CF2E800FBC793 /* Formatters.swift */; };
		ACD440B4291CF42600FBC793 /* ConverterTests.swift in Sources */ = {isa = PBXBuildFile; fileRef = ACD440B3291CF42600FBC793 /* ConverterTests.swift */; };
		ACD440B6291CF99500FBC793 /* Double+PriceConverter.swift in Sources */ = {isa = PBXBuildFile; fileRef = ACD440B5291CF99500FBC793 /* Double+PriceConverter.swift */; };
		ACD440B8291D70AB00FBC793 /* Date+DateConverter.swift in Sources */ = {isa = PBXBuildFile; fileRef = ACD440B7291D70AB00FBC793 /* Date+DateConverter.swift */; };
		ACD440BA291D742900FBC793 /* ListingAdsViewModelTests.swift in Sources */ = {isa = PBXBuildFile; fileRef = ACD440B9291D742900FBC793 /* ListingAdsViewModelTests.swift */; };
		ACD440BC291D794400FBC793 /* Mocks.swift in Sources */ = {isa = PBXBuildFile; fileRef = ACD440BB291D794400FBC793 /* Mocks.swift */; };
		ACDE0F682917C8AC00A0271D /* AppDelegate.swift in Sources */ = {isa = PBXBuildFile; fileRef = ACDE0F672917C8AC00A0271D /* AppDelegate.swift */; };
		ACDE0F6C2917C8AC00A0271D /* ListingAdsViewController.swift in Sources */ = {isa = PBXBuildFile; fileRef = ACDE0F6B2917C8AC00A0271D /* ListingAdsViewController.swift */; };
		ACDE0F712917C8AC00A0271D /* Assets.xcassets in Resources */ = {isa = PBXBuildFile; fileRef = ACDE0F702917C8AC00A0271D /* Assets.xcassets */; };
		ACDE0F742917C8AC00A0271D /* LaunchScreen.storyboard in Resources */ = {isa = PBXBuildFile; fileRef = ACDE0F722917C8AC00A0271D /* LaunchScreen.storyboard */; };
		ACDE0F7F2917C8AD00A0271D /* PaperClipAppTests.swift in Sources */ = {isa = PBXBuildFile; fileRef = ACDE0F7E2917C8AD00A0271D /* PaperClipAppTests.swift */; };
		ACF0B59C291AEFEA0002D9C0 /* Coordinator.swift in Sources */ = {isa = PBXBuildFile; fileRef = ACF0B59B291AEFEA0002D9C0 /* Coordinator.swift */; };
		ACF0B59F291AF8B50002D9C0 /* Dependencies.swift in Sources */ = {isa = PBXBuildFile; fileRef = ACF0B59E291AF8B50002D9C0 /* Dependencies.swift */; };
/* End PBXBuildFile section */

/* Begin PBXContainerItemProxy section */
		ACDE0F7B2917C8AD00A0271D /* PBXContainerItemProxy */ = {
			isa = PBXContainerItemProxy;
			containerPortal = ACDE0F5C2917C8AC00A0271D /* Project object */;
			proxyType = 1;
			remoteGlobalIDString = ACDE0F632917C8AC00A0271D;
			remoteInfo = PaperClipApp;
		};
/* End PBXContainerItemProxy section */

/* Begin PBXFileReference section */
		AC0C15F82917CEF3000A8C9B /* PaperClip */ = {isa = PBXFileReference; lastKnownFileType = wrapper; name = PaperClip; path = ..; sourceTree = "<group>"; };
		AC5FBF9B29183154008CEFC7 /* URLSession+HTTPDataProvider.swift */ = {isa = PBXFileReference; lastKnownFileType = sourcecode.swift; path = "URLSession+HTTPDataProvider.swift"; sourceTree = "<group>"; };
		AC78CE3D291D92C30089BD21 /* AdItemTableViewCell.swift */ = {isa = PBXFileReference; lastKnownFileType = sourcecode.swift; path = AdItemTableViewCell.swift; sourceTree = "<group>"; };
		AC97537C291C1AA50018A531 /* ListingAdsViewModel.swift */ = {isa = PBXFileReference; lastKnownFileType = sourcecode.swift; path = ListingAdsViewModel.swift; sourceTree = "<group>"; };
		AC97537E291C20A70018A531 /* AdItem.swift */ = {isa = PBXFileReference; lastKnownFileType = sourcecode.swift; path = AdItem.swift; sourceTree = "<group>"; };
		ACD440B1291CF2E800FBC793 /* Formatters.swift */ = {isa = PBXFileReference; lastKnownFileType = sourcecode.swift; path = Formatters.swift; sourceTree = "<group>"; };
		ACD440B3291CF42600FBC793 /* ConverterTests.swift */ = {isa = PBXFileReference; lastKnownFileType = sourcecode.swift; path = ConverterTests.swift; sourceTree = "<group>"; };
		ACD440B5291CF99500FBC793 /* Double+PriceConverter.swift */ = {isa = PBXFileReference; lastKnownFileType = sourcecode.swift; path = "Double+PriceConverter.swift"; sourceTree = "<group>"; };
		ACD440B7291D70AB00FBC793 /* Date+DateConverter.swift */ = {isa = PBXFileReference; lastKnownFileType = sourcecode.swift; path = "Date+DateConverter.swift"; sourceTree = "<group>"; };
		ACD440B9291D742900FBC793 /* ListingAdsViewModelTests.swift */ = {isa = PBXFileReference; lastKnownFileType = sourcecode.swift; path = ListingAdsViewModelTests.swift; sourceTree = "<group>"; };
		ACD440BB291D794400FBC793 /* Mocks.swift */ = {isa = PBXFileReference; lastKnownFileType = sourcecode.swift; path = Mocks.swift; sourceTree = "<group>"; };
		ACDE0F642917C8AC00A0271D /* PaperClipApp.app */ = {isa = PBXFileReference; explicitFileType = wrapper.application; includeInIndex = 0; path = PaperClipApp.app; sourceTree = BUILT_PRODUCTS_DIR; };
		ACDE0F672917C8AC00A0271D /* AppDelegate.swift */ = {isa = PBXFileReference; lastKnownFileType = sourcecode.swift; path = AppDelegate.swift; sourceTree = "<group>"; };
		ACDE0F6B2917C8AC00A0271D /* ListingAdsViewController.swift */ = {isa = PBXFileReference; lastKnownFileType = sourcecode.swift; path = ListingAdsViewController.swift; sourceTree = "<group>"; };
		ACDE0F702917C8AC00A0271D /* Assets.xcassets */ = {isa = PBXFileReference; lastKnownFileType = folder.assetcatalog; path = Assets.xcassets; sourceTree = "<group>"; };
		ACDE0F732917C8AC00A0271D /* Base */ = {isa = PBXFileReference; lastKnownFileType = file.storyboard; name = Base; path = Base.lproj/LaunchScreen.storyboard; sourceTree = "<group>"; };
		ACDE0F752917C8AC00A0271D /* Info.plist */ = {isa = PBXFileReference; lastKnownFileType = text.plist.xml; path = Info.plist; sourceTree = "<group>"; };
		ACDE0F7A2917C8AD00A0271D /* PaperClipAppTests.xctest */ = {isa = PBXFileReference; explicitFileType = wrapper.cfbundle; includeInIndex = 0; path = PaperClipAppTests.xctest; sourceTree = BUILT_PRODUCTS_DIR; };
		ACDE0F7E2917C8AD00A0271D /* PaperClipAppTests.swift */ = {isa = PBXFileReference; lastKnownFileType = sourcecode.swift; path = PaperClipAppTests.swift; sourceTree = "<group>"; };
		ACF0B59B291AEFEA0002D9C0 /* Coordinator.swift */ = {isa = PBXFileReference; lastKnownFileType = sourcecode.swift; path = Coordinator.swift; sourceTree = "<group>"; };
		ACF0B59E291AF8B50002D9C0 /* Dependencies.swift */ = {isa = PBXFileReference; lastKnownFileType = sourcecode.swift; path = Dependencies.swift; sourceTree = "<group>"; };
/* End PBXFileReference section */

/* Begin PBXFrameworksBuildPhase section */
		ACDE0F612917C8AC00A0271D /* Frameworks */ = {
			isa = PBXFrameworksBuildPhase;
			buildActionMask = 2147483647;
			files = (
				AC4A21F5291996B500AE74F7 /* Domain in Frameworks */,
				AC4A21F3291991EE00AE74F7 /* Repository in Frameworks */,
				ACC1398B2917E79900BF80F0 /* RemoteStore in Frameworks */,
			);
			runOnlyForDeploymentPostprocessing = 0;
		};
		ACDE0F772917C8AD00A0271D /* Frameworks */ = {
			isa = PBXFrameworksBuildPhase;
			buildActionMask = 2147483647;
			files = (
			);
			runOnlyForDeploymentPostprocessing = 0;
		};
/* End PBXFrameworksBuildPhase section */

/* Begin PBXGroup section */
		AC5FBF9A2918312A008CEFC7 /* Extension */ = {
			isa = PBXGroup;
			children = (
				AC5FBF9B29183154008CEFC7 /* URLSession+HTTPDataProvider.swift */,
				ACD440B5291CF99500FBC793 /* Double+PriceConverter.swift */,
				ACD440B7291D70AB00FBC793 /* Date+DateConverter.swift */,
			);
			path = Extension;
			sourceTree = "<group>";
		};
		AC975379291C1A3A0018A531 /* Screen */ = {
			isa = PBXGroup;
			children = (
				AC97537B291C1A600018A531 /* AdDetails */,
				AC97537A291C1A530018A531 /* ListingAds */,
			);
			path = Screen;
			sourceTree = "<group>";
		};
		AC97537A291C1A530018A531 /* ListingAds */ = {
			isa = PBXGroup;
			children = (
				AC97537C291C1AA50018A531 /* ListingAdsViewModel.swift */,
				ACDE0F6B2917C8AC00A0271D /* ListingAdsViewController.swift */,
				AC97537E291C20A70018A531 /* AdItem.swift */,
				AC78CE3D291D92C30089BD21 /* AdItemTableViewCell.swift */,
			);
			path = ListingAds;
			sourceTree = "<group>";
		};
		AC97537B291C1A600018A531 /* AdDetails */ = {
			isa = PBXGroup;
			children = (
			);
			path = AdDetails;
			sourceTree = "<group>";
		};
		ACC139872917D21300BF80F0 /* Frameworks */ = {
			isa = PBXGroup;
			children = (
			);
			name = Frameworks;
			sourceTree = "<group>";
		};
		ACD440B0291CF2CF00FBC793 /* Helpers */ = {
			isa = PBXGroup;
			children = (
				ACD440B1291CF2E800FBC793 /* Formatters.swift */,
			);
			path = Helpers;
			sourceTree = "<group>";
		};
		ACDE0F5B2917C8AC00A0271D = {
			isa = PBXGroup;
			children = (
				AC0C15F82917CEF3000A8C9B /* PaperClip */,
				ACDE0F662917C8AC00A0271D /* PaperClipApp */,
				ACDE0F7D2917C8AD00A0271D /* PaperClipAppTests */,
				ACDE0F652917C8AC00A0271D /* Products */,
				ACC139872917D21300BF80F0 /* Frameworks */,
			);
			sourceTree = "<group>";
		};
		ACDE0F652917C8AC00A0271D /* Products */ = {
			isa = PBXGroup;
			children = (
				ACDE0F642917C8AC00A0271D /* PaperClipApp.app */,
				ACDE0F7A2917C8AD00A0271D /* PaperClipAppTests.xctest */,
			);
			name = Products;
			sourceTree = "<group>";
		};
		ACDE0F662917C8AC00A0271D /* PaperClipApp */ = {
			isa = PBXGroup;
			children = (
				ACD440B0291CF2CF00FBC793 /* Helpers */,
				ACF0B59A291AEFDA0002D9C0 /* Coordinator */,
				ACF0B59D291AF88F0002D9C0 /* Dependencies */,
				AC5FBF9A2918312A008CEFC7 /* Extension */,
				AC975379291C1A3A0018A531 /* Screen */,
				ACDE0F672917C8AC00A0271D /* AppDelegate.swift */,
				ACDE0F702917C8AC00A0271D /* Assets.xcassets */,
				ACDE0F722917C8AC00A0271D /* LaunchScreen.storyboard */,
				ACDE0F752917C8AC00A0271D /* Info.plist */,
			);
			path = PaperClipApp;
			sourceTree = "<group>";
		};
		ACDE0F7D2917C8AD00A0271D /* PaperClipAppTests */ = {
			isa = PBXGroup;
			children = (
				ACDE0F7E2917C8AD00A0271D /* PaperClipAppTests.swift */,
				ACD440B3291CF42600FBC793 /* ConverterTests.swift */,
				ACD440B9291D742900FBC793 /* ListingAdsViewModelTests.swift */,
				ACD440BB291D794400FBC793 /* Mocks.swift */,
			);
			path = PaperClipAppTests;
			sourceTree = "<group>";
		};
		ACF0B59A291AEFDA0002D9C0 /* Coordinator */ = {
			isa = PBXGroup;
			children = (
				ACF0B59B291AEFEA0002D9C0 /* Coordinator.swift */,
			);
			path = Coordinator;
			sourceTree = "<group>";
		};
		ACF0B59D291AF88F0002D9C0 /* Dependencies */ = {
			isa = PBXGroup;
			children = (
				ACF0B59E291AF8B50002D9C0 /* Dependencies.swift */,
			);
			path = Dependencies;
			sourceTree = "<group>";
		};
/* End PBXGroup section */

/* Begin PBXNativeTarget section */
		ACDE0F632917C8AC00A0271D /* PaperClipApp */ = {
			isa = PBXNativeTarget;
			buildConfigurationList = ACDE0F8E2917C8AD00A0271D /* Build configuration list for PBXNativeTarget "PaperClipApp" */;
			buildPhases = (
				ACDE0F602917C8AC00A0271D /* Sources */,
				ACDE0F612917C8AC00A0271D /* Frameworks */,
				ACDE0F622917C8AC00A0271D /* Resources */,
			);
			buildRules = (
			);
			dependencies = (
			);
			name = PaperClipApp;
			packageProductDependencies = (
				ACC1398A2917E79900BF80F0 /* RemoteStore */,
				AC4A21F2291991EE00AE74F7 /* Repository */,
				AC4A21F4291996B500AE74F7 /* Domain */,
			);
			productName = PaperClipApp;
			productReference = ACDE0F642917C8AC00A0271D /* PaperClipApp.app */;
			productType = "com.apple.product-type.application";
		};
		ACDE0F792917C8AD00A0271D /* PaperClipAppTests */ = {
			isa = PBXNativeTarget;
			buildConfigurationList = ACDE0F912917C8AD00A0271D /* Build configuration list for PBXNativeTarget "PaperClipAppTests" */;
			buildPhases = (
				ACDE0F762917C8AD00A0271D /* Sources */,
				ACDE0F772917C8AD00A0271D /* Frameworks */,
				ACDE0F782917C8AD00A0271D /* Resources */,
			);
			buildRules = (
			);
			dependencies = (
				ACDE0F7C2917C8AD00A0271D /* PBXTargetDependency */,
			);
			name = PaperClipAppTests;
			productName = PaperClipAppTests;
			productReference = ACDE0F7A2917C8AD00A0271D /* PaperClipAppTests.xctest */;
			productType = "com.apple.product-type.bundle.unit-test";
		};
/* End PBXNativeTarget section */

/* Begin PBXProject section */
		ACDE0F5C2917C8AC00A0271D /* Project object */ = {
			isa = PBXProject;
			attributes = {
				BuildIndependentTargetsInParallel = 1;
				LastSwiftUpdateCheck = 1410;
				LastUpgradeCheck = 1410;
				TargetAttributes = {
					ACDE0F632917C8AC00A0271D = {
						CreatedOnToolsVersion = 14.1;
					};
					ACDE0F792917C8AD00A0271D = {
						CreatedOnToolsVersion = 14.1;
						TestTargetID = ACDE0F632917C8AC00A0271D;
					};
				};
			};
			buildConfigurationList = ACDE0F5F2917C8AC00A0271D /* Build configuration list for PBXProject "PaperClipApp" */;
			compatibilityVersion = "Xcode 14.0";
			developmentRegion = en;
			hasScannedForEncodings = 0;
			knownRegions = (
				en,
				Base,
			);
			mainGroup = ACDE0F5B2917C8AC00A0271D;
			productRefGroup = ACDE0F652917C8AC00A0271D /* Products */;
			projectDirPath = "";
			projectRoot = "";
			targets = (
				ACDE0F632917C8AC00A0271D /* PaperClipApp */,
				ACDE0F792917C8AD00A0271D /* PaperClipAppTests */,
			);
		};
/* End PBXProject section */

/* Begin PBXResourcesBuildPhase section */
		ACDE0F622917C8AC00A0271D /* Resources */ = {
			isa = PBXResourcesBuildPhase;
			buildActionMask = 2147483647;
			files = (
				ACDE0F742917C8AC00A0271D /* LaunchScreen.storyboard in Resources */,
				ACDE0F712917C8AC00A0271D /* Assets.xcassets in Resources */,
			);
			runOnlyForDeploymentPostprocessing = 0;
		};
		ACDE0F782917C8AD00A0271D /* Resources */ = {
			isa = PBXResourcesBuildPhase;
			buildActionMask = 2147483647;
			files = (
			);
			runOnlyForDeploymentPostprocessing = 0;
		};
/* End PBXResourcesBuildPhase section */

/* Begin PBXSourcesBuildPhase section */
		ACDE0F602917C8AC00A0271D /* Sources */ = {
			isa = PBXSourcesBuildPhase;
			buildActionMask = 2147483647;
			files = (
				ACDE0F6C2917C8AC00A0271D /* ListingAdsViewController.swift in Sources */,
				ACD440B6291CF99500FBC793 /* Double+PriceConverter.swift in Sources */,
				AC78CE3E291D92C30089BD21 /* AdItemTableViewCell.swift in Sources */,
				ACD440B8291D70AB00FBC793 /* Date+DateConverter.swift in Sources */,
				AC5FBF9C29183154008CEFC7 /* URLSession+HTTPDataProvider.swift in Sources */,
				ACD440B2291CF2E800FBC793 /* Formatters.swift in Sources */,
				AC97537D291C1AA50018A531 /* ListingAdsViewModel.swift in Sources */,
				AC97537F291C20A70018A531 /* AdItem.swift in Sources */,
				ACF0B59C291AEFEA0002D9C0 /* Coordinator.swift in Sources */,
				ACF0B59F291AF8B50002D9C0 /* Dependencies.swift in Sources */,
				ACDE0F682917C8AC00A0271D /* AppDelegate.swift in Sources */,
			);
			runOnlyForDeploymentPostprocessing = 0;
		};
		ACDE0F762917C8AD00A0271D /* Sources */ = {
			isa = PBXSourcesBuildPhase;
			buildActionMask = 2147483647;
			files = (
				ACD440B4291CF42600FBC793 /* ConverterTests.swift in Sources */,
				ACD440BA291D742900FBC793 /* ListingAdsViewModelTests.swift in Sources */,
				ACDE0F7F2917C8AD00A0271D /* PaperClipAppTests.swift in Sources */,
				ACD440BC291D794400FBC793 /* Mocks.swift in Sources */,
			);
			runOnlyForDeploymentPostprocessing = 0;
		};
/* End PBXSourcesBuildPhase section */

/* Begin PBXTargetDependency section */
		ACDE0F7C2917C8AD00A0271D /* PBXTargetDependency */ = {
			isa = PBXTargetDependency;
			target = ACDE0F632917C8AC00A0271D /* PaperClipApp */;
			targetProxy = ACDE0F7B2917C8AD00A0271D /* PBXContainerItemProxy */;
		};
/* End PBXTargetDependency section */

/* Begin PBXVariantGroup section */
		ACDE0F722917C8AC00A0271D /* LaunchScreen.storyboard */ = {
			isa = PBXVariantGroup;
			children = (
				ACDE0F732917C8AC00A0271D /* Base */,
			);
			name = LaunchScreen.storyboard;
			sourceTree = "<group>";
		};
/* End PBXVariantGroup section */

/* Begin XCBuildConfiguration section */
		ACDE0F8C2917C8AD00A0271D /* Debug */ = {
			isa = XCBuildConfiguration;
			buildSettings = {
				ALWAYS_SEARCH_USER_PATHS = NO;
				CLANG_ANALYZER_NONNULL = YES;
				CLANG_ANALYZER_NUMBER_OBJECT_CONVERSION = YES_AGGRESSIVE;
				CLANG_CXX_LANGUAGE_STANDARD = "gnu++20";
				CLANG_ENABLE_MODULES = YES;
				CLANG_ENABLE_OBJC_ARC = YES;
				CLANG_ENABLE_OBJC_WEAK = YES;
				CLANG_WARN_BLOCK_CAPTURE_AUTORELEASING = YES;
				CLANG_WARN_BOOL_CONVERSION = YES;
				CLANG_WARN_COMMA = YES;
				CLANG_WARN_CONSTANT_CONVERSION = YES;
				CLANG_WARN_DEPRECATED_OBJC_IMPLEMENTATIONS = YES;
				CLANG_WARN_DIRECT_OBJC_ISA_USAGE = YES_ERROR;
				CLANG_WARN_DOCUMENTATION_COMMENTS = YES;
				CLANG_WARN_EMPTY_BODY = YES;
				CLANG_WARN_ENUM_CONVERSION = YES;
				CLANG_WARN_INFINITE_RECURSION = YES;
				CLANG_WARN_INT_CONVERSION = YES;
				CLANG_WARN_NON_LITERAL_NULL_CONVERSION = YES;
				CLANG_WARN_OBJC_IMPLICIT_RETAIN_SELF = YES;
				CLANG_WARN_OBJC_LITERAL_CONVERSION = YES;
				CLANG_WARN_OBJC_ROOT_CLASS = YES_ERROR;
				CLANG_WARN_QUOTED_INCLUDE_IN_FRAMEWORK_HEADER = YES;
				CLANG_WARN_RANGE_LOOP_ANALYSIS = YES;
				CLANG_WARN_STRICT_PROTOTYPES = YES;
				CLANG_WARN_SUSPICIOUS_MOVE = YES;
				CLANG_WARN_UNGUARDED_AVAILABILITY = YES_AGGRESSIVE;
				CLANG_WARN_UNREACHABLE_CODE = YES;
				CLANG_WARN__DUPLICATE_METHOD_MATCH = YES;
				COPY_PHASE_STRIP = NO;
				DEBUG_INFORMATION_FORMAT = dwarf;
				ENABLE_STRICT_OBJC_MSGSEND = YES;
				ENABLE_TESTABILITY = YES;
				GCC_C_LANGUAGE_STANDARD = gnu11;
				GCC_DYNAMIC_NO_PIC = NO;
				GCC_NO_COMMON_BLOCKS = YES;
				GCC_OPTIMIZATION_LEVEL = 0;
				GCC_PREPROCESSOR_DEFINITIONS = (
					"DEBUG=1",
					"$(inherited)",
				);
				GCC_WARN_64_TO_32_BIT_CONVERSION = YES;
				GCC_WARN_ABOUT_RETURN_TYPE = YES_ERROR;
				GCC_WARN_UNDECLARED_SELECTOR = YES;
				GCC_WARN_UNINITIALIZED_AUTOS = YES_AGGRESSIVE;
				GCC_WARN_UNUSED_FUNCTION = YES;
				GCC_WARN_UNUSED_VARIABLE = YES;
				IPHONEOS_DEPLOYMENT_TARGET = 14.0;
				MTL_ENABLE_DEBUG_INFO = INCLUDE_SOURCE;
				MTL_FAST_MATH = YES;
				ONLY_ACTIVE_ARCH = YES;
				SDKROOT = iphoneos;
				SWIFT_ACTIVE_COMPILATION_CONDITIONS = DEBUG;
				SWIFT_OPTIMIZATION_LEVEL = "-Onone";
			};
			name = Debug;
		};
		ACDE0F8D2917C8AD00A0271D /* Release */ = {
			isa = XCBuildConfiguration;
			buildSettings = {
				ALWAYS_SEARCH_USER_PATHS = NO;
				CLANG_ANALYZER_NONNULL = YES;
				CLANG_ANALYZER_NUMBER_OBJECT_CONVERSION = YES_AGGRESSIVE;
				CLANG_CXX_LANGUAGE_STANDARD = "gnu++20";
				CLANG_ENABLE_MODULES = YES;
				CLANG_ENABLE_OBJC_ARC = YES;
				CLANG_ENABLE_OBJC_WEAK = YES;
				CLANG_WARN_BLOCK_CAPTURE_AUTORELEASING = YES;
				CLANG_WARN_BOOL_CONVERSION = YES;
				CLANG_WARN_COMMA = YES;
				CLANG_WARN_CONSTANT_CONVERSION = YES;
				CLANG_WARN_DEPRECATED_OBJC_IMPLEMENTATIONS = YES;
				CLANG_WARN_DIRECT_OBJC_ISA_USAGE = YES_ERROR;
				CLANG_WARN_DOCUMENTATION_COMMENTS = YES;
				CLANG_WARN_EMPTY_BODY = YES;
				CLANG_WARN_ENUM_CONVERSION = YES;
				CLANG_WARN_INFINITE_RECURSION = YES;
				CLANG_WARN_INT_CONVERSION = YES;
				CLANG_WARN_NON_LITERAL_NULL_CONVERSION = YES;
				CLANG_WARN_OBJC_IMPLICIT_RETAIN_SELF = YES;
				CLANG_WARN_OBJC_LITERAL_CONVERSION = YES;
				CLANG_WARN_OBJC_ROOT_CLASS = YES_ERROR;
				CLANG_WARN_QUOTED_INCLUDE_IN_FRAMEWORK_HEADER = YES;
				CLANG_WARN_RANGE_LOOP_ANALYSIS = YES;
				CLANG_WARN_STRICT_PROTOTYPES = YES;
				CLANG_WARN_SUSPICIOUS_MOVE = YES;
				CLANG_WARN_UNGUARDED_AVAILABILITY = YES_AGGRESSIVE;
				CLANG_WARN_UNREACHABLE_CODE = YES;
				CLANG_WARN__DUPLICATE_METHOD_MATCH = YES;
				COPY_PHASE_STRIP = NO;
				DEBUG_INFORMATION_FORMAT = "dwarf-with-dsym";
				ENABLE_NS_ASSERTIONS = NO;
				ENABLE_STRICT_OBJC_MSGSEND = YES;
				GCC_C_LANGUAGE_STANDARD = gnu11;
				GCC_NO_COMMON_BLOCKS = YES;
				GCC_WARN_64_TO_32_BIT_CONVERSION = YES;
				GCC_WARN_ABOUT_RETURN_TYPE = YES_ERROR;
				GCC_WARN_UNDECLARED_SELECTOR = YES;
				GCC_WARN_UNINITIALIZED_AUTOS = YES_AGGRESSIVE;
				GCC_WARN_UNUSED_FUNCTION = YES;
				GCC_WARN_UNUSED_VARIABLE = YES;
				IPHONEOS_DEPLOYMENT_TARGET = 14.0;
				MTL_ENABLE_DEBUG_INFO = NO;
				MTL_FAST_MATH = YES;
				SDKROOT = iphoneos;
				SWIFT_COMPILATION_MODE = wholemodule;
				SWIFT_OPTIMIZATION_LEVEL = "-O";
				VALIDATE_PRODUCT = YES;
			};
			name = Release;
		};
		ACDE0F8F2917C8AD00A0271D /* Debug */ = {
			isa = XCBuildConfiguration;
			buildSettings = {
				ASSETCATALOG_COMPILER_APPICON_NAME = AppIcon;
				ASSETCATALOG_COMPILER_GLOBAL_ACCENT_COLOR_NAME = AccentColor;
				CODE_SIGN_STYLE = Automatic;
				CURRENT_PROJECT_VERSION = 1;
				DEVELOPMENT_TEAM = 48QNH69UG5;
				GENERATE_INFOPLIST_FILE = YES;
				INFOPLIST_FILE = PaperClipApp/Info.plist;
				INFOPLIST_KEY_UIApplicationSupportsIndirectInputEvents = YES;
				INFOPLIST_KEY_UILaunchStoryboardName = LaunchScreen;
				INFOPLIST_KEY_UISupportedInterfaceOrientations = UIInterfaceOrientationPortrait;
				INFOPLIST_KEY_UISupportedInterfaceOrientations_iPad = "UIInterfaceOrientationLandscapeLeft UIInterfaceOrientationLandscapeRight UIInterfaceOrientationPortrait UIInterfaceOrientationPortraitUpsideDown";
				LD_RUNPATH_SEARCH_PATHS = (
					"$(inherited)",
					"@executable_path/Frameworks",
				);
				MARKETING_VERSION = 1.0;
				PRODUCT_BUNDLE_IDENTIFIER = com.grinchYourself.PaperClipApp;
				PRODUCT_NAME = "$(TARGET_NAME)";
				SUPPORTED_PLATFORMS = "iphoneos iphonesimulator";
				SUPPORTS_MACCATALYST = NO;
				SUPPORTS_MAC_DESIGNED_FOR_IPHONE_IPAD = NO;
				SWIFT_EMIT_LOC_STRINGS = YES;
				SWIFT_VERSION = 5.0;
				TARGETED_DEVICE_FAMILY = "1,2";
			};
			name = Debug;
		};
		ACDE0F902917C8AD00A0271D /* Release */ = {
			isa = XCBuildConfiguration;
			buildSettings = {
				ASSETCATALOG_COMPILER_APPICON_NAME = AppIcon;
				ASSETCATALOG_COMPILER_GLOBAL_ACCENT_COLOR_NAME = AccentColor;
				CODE_SIGN_STYLE = Automatic;
				CURRENT_PROJECT_VERSION = 1;
				DEVELOPMENT_TEAM = 48QNH69UG5;
				GENERATE_INFOPLIST_FILE = YES;
				INFOPLIST_FILE = PaperClipApp/Info.plist;
				INFOPLIST_KEY_UIApplicationSupportsIndirectInputEvents = YES;
				INFOPLIST_KEY_UILaunchStoryboardName = LaunchScreen;
				INFOPLIST_KEY_UISupportedInterfaceOrientations = UIInterfaceOrientationPortrait;
				INFOPLIST_KEY_UISupportedInterfaceOrientations_iPad = "UIInterfaceOrientationLandscapeLeft UIInterfaceOrientationLandscapeRight UIInterfaceOrientationPortrait UIInterfaceOrientationPortraitUpsideDown";
				LD_RUNPATH_SEARCH_PATHS = (
					"$(inherited)",
					"@executable_path/Frameworks",
				);
				MARKETING_VERSION = 1.0;
				PRODUCT_BUNDLE_IDENTIFIER = com.grinchYourself.PaperClipApp;
				PRODUCT_NAME = "$(TARGET_NAME)";
				SUPPORTED_PLATFORMS = "iphoneos iphonesimulator";
				SUPPORTS_MACCATALYST = NO;
				SUPPORTS_MAC_DESIGNED_FOR_IPHONE_IPAD = NO;
				SWIFT_EMIT_LOC_STRINGS = YES;
				SWIFT_VERSION = 5.0;
				TARGETED_DEVICE_FAMILY = "1,2";
			};
			name = Release;
		};
		ACDE0F922917C8AD00A0271D /* Debug */ = {
			isa = XCBuildConfiguration;
			buildSettings = {
				ALWAYS_EMBED_SWIFT_STANDARD_LIBRARIES = YES;
				BUNDLE_LOADER = "$(TEST_HOST)";
				CODE_SIGN_STYLE = Automatic;
				CURRENT_PROJECT_VERSION = 1;
				DEVELOPMENT_TEAM = 48QNH69UG5;
				GENERATE_INFOPLIST_FILE = YES;
				IPHONEOS_DEPLOYMENT_TARGET = 14.0;
				MARKETING_VERSION = 1.0;
				PRODUCT_BUNDLE_IDENTIFIER = com.grinchYourself.PaperClipAppTests;
				PRODUCT_NAME = "$(TARGET_NAME)";
				SUPPORTED_PLATFORMS = "iphoneos iphonesimulator";
				SUPPORTS_MACCATALYST = NO;
				SUPPORTS_MAC_DESIGNED_FOR_IPHONE_IPAD = NO;
				SWIFT_EMIT_LOC_STRINGS = NO;
				SWIFT_VERSION = 5.0;
				TARGETED_DEVICE_FAMILY = "1,2";
				TEST_HOST = "$(BUILT_PRODUCTS_DIR)/PaperClipApp.app/$(BUNDLE_EXECUTABLE_FOLDER_PATH)/PaperClipApp";
			};
			name = Debug;
		};
		ACDE0F932917C8AD00A0271D /* Release */ = {
			isa = XCBuildConfiguration;
			buildSettings = {
				ALWAYS_EMBED_SWIFT_STANDARD_LIBRARIES = YES;
				BUNDLE_LOADER = "$(TEST_HOST)";
				CODE_SIGN_STYLE = Automatic;
				CURRENT_PROJECT_VERSION = 1;
				DEVELOPMENT_TEAM = 48QNH69UG5;
				GENERATE_INFOPLIST_FILE = YES;
				IPHONEOS_DEPLOYMENT_TARGET = 14.0;
				MARKETING_VERSION = 1.0;
				PRODUCT_BUNDLE_IDENTIFIER = com.grinchYourself.PaperClipAppTests;
				PRODUCT_NAME = "$(TARGET_NAME)";
				SUPPORTED_PLATFORMS = "iphoneos iphonesimulator";
				SUPPORTS_MACCATALYST = NO;
				SUPPORTS_MAC_DESIGNED_FOR_IPHONE_IPAD = NO;
				SWIFT_EMIT_LOC_STRINGS = NO;
				SWIFT_VERSION = 5.0;
				TARGETED_DEVICE_FAMILY = "1,2";
				TEST_HOST = "$(BUILT_PRODUCTS_DIR)/PaperClipApp.app/$(BUNDLE_EXECUTABLE_FOLDER_PATH)/PaperClipApp";
			};
			name = Release;
		};
/* End XCBuildConfiguration section */

/* Begin XCConfigurationList section */
		ACDE0F5F2917C8AC00A0271D /* Build configuration list for PBXProject "PaperClipApp" */ = {
			isa = XCConfigurationList;
			buildConfigurations = (
				ACDE0F8C2917C8AD00A0271D /* Debug */,
				ACDE0F8D2917C8AD00A0271D /* Release */,
			);
			defaultConfigurationIsVisible = 0;
			defaultConfigurationName = Release;
		};
		ACDE0F8E2917C8AD00A0271D /* Build configuration list for PBXNativeTarget "PaperClipApp" */ = {
			isa = XCConfigurationList;
			buildConfigurations = (
				ACDE0F8F2917C8AD00A0271D /* Debug */,
				ACDE0F902917C8AD00A0271D /* Release */,
			);
			defaultConfigurationIsVisible = 0;
			defaultConfigurationName = Release;
		};
		ACDE0F912917C8AD00A0271D /* Build configuration list for PBXNativeTarget "PaperClipAppTests" */ = {
			isa = XCConfigurationList;
			buildConfigurations = (
				ACDE0F922917C8AD00A0271D /* Debug */,
				ACDE0F932917C8AD00A0271D /* Release */,
			);
			defaultConfigurationIsVisible = 0;
			defaultConfigurationName = Release;
		};
/* End XCConfigurationList section */

/* Begin XCSwiftPackageProductDependency section */
		AC4A21F2291991EE00AE74F7 /* Repository */ = {
			isa = XCSwiftPackageProductDependency;
			productName = Repository;
		};
		AC4A21F4291996B500AE74F7 /* Domain */ = {
			isa = XCSwiftPackageProductDependency;
			productName = Domain;
		};
		ACC1398A2917E79900BF80F0 /* RemoteStore */ = {
			isa = XCSwiftPackageProductDependency;
			productName = RemoteStore;
		};
/* End XCSwiftPackageProductDependency section */
	};
	rootObject = ACDE0F5C2917C8AC00A0271D /* Project object */;
}
